
Microsoft Visual Studio Solution File, Format Version 12.00
# Visual Studio Version 17
VisualStudioVersion = 17.2.32602.215
MinimumVisualStudioVersion = 10.0.40219.1
Project( "BuildNumberGenerator\BuildNumberGenerator.csproj", "{F2FE2AFE-DFFC-414E-8313-7ADD660CE99B}"
EndProject
Global
	GlobalSection(SolutionConfigurationPlatforms) = preSolution
		Debug|Any CPU = Debug|Any CPU
		Release|Any CPU = Release|Any CPU
	EndGlobalSection
	GlobalSection(ProjectConfigurationPlatforms) = postSolution
		{F2FE2AFE-DFFC-414E-8313-7ADD660CE99B}.Debug|Any CPU.ActiveCfg = Debug|Any CPU
		{F2FE2AFE-DFFC-414E-8313-7ADD660CE99B}.Debug|Any CPU.Build.0 = Debug|Any CPU
		{F2FE2AFE-DFFC-414E-8313-7ADD660CE99B}.Release|Any CPU.ActiveCfg = Release|Any CPU
		{F2FE2AFE-DFFC-414E-8313-7ADD660CE99B}.Release|Any CPU.Build.0 = Release|Any CPU
	EndGlobalSection
	GlobalSection(SolutionProperties) = preSolution
		HideSolutionNode = FALSE
	EndGlobalSection
	GlobalSection(ExtensibilityGlobals) = postSolution
		SolutionGuid = {14236E78-34E3-40D7-9140-0C64E2776DAE}
	EndGlobalSection
EndGlobal
